
Microsoft Visual Studio Solution File, Format Version 12.00
# Visual Studio Version 17
VisualStudioVersion = 17.1.32228.430
MinimumVisualStudioVersion = 10.0.40219.1
Project("{FAE04EC0-301F-11D3-BF4B-00C04F79EFBC}") = "SudokuSolver", "SudokuSolver\SudokuSolver.csproj", "{160B90E6-34B0-45CE-BBCB-769186B38500}"
EndProject
Global
	GlobalSection(SolutionConfigurationPlatforms) = preSolution
		Debug|Any CPU = Debug|Any CPU
		Release|Any CPU = Release|Any CPU
	EndGlobalSection
	GlobalSection(ProjectConfigurationPlatforms) = postSolution
		{160B90E6-34B0-45CE-BBCB-769186B38500}.Debug|Any CPU.ActiveCfg = Debug|Any CPU
		{160B90E6-34B0-45CE-BBCB-769186B38500}.Debug|Any CPU.Build.0 = Debug|Any CPU
		{160B90E6-34B0-45CE-BBCB-769186B38500}.Release|Any CPU.ActiveCfg = Release|Any CPU
		{160B90E6-34B0-45CE-BBCB-769186B38500}.Release|Any CPU.Build.0 = Release|Any CPU
	EndGlobalSection
	GlobalSection(SolutionProperties) = preSolution
		HideSolutionNode = FALSE
	EndGlobalSection
	GlobalSection(ExtensibilityGlobals) = postSolution
		SolutionGuid = {F46F4E72-3109-4117-9304-1FE05216D66E}
	EndGlobalSection
EndGlobal
